// !$*UTF8*$!
{
	archiveVersion = 1;
	classes = {
	};
	objectVersion = 46;
	objects = {

/* Begin PBXBuildFile section */
		5BB289D91D500FF7009C6913 /* anthonyDavis.png in Resources */ = {isa = PBXBuildFile; fileRef = 5BB289CF1D500FF7009C6913 /* anthonyDavis.png */; };
		5BB289DA1D500FF7009C6913 /* cousins.png in Resources */ = {isa = PBXBuildFile; fileRef = 5BB289D01D500FF7009C6913 /* cousins.png */; };
		5BB289DB1D500FF7009C6913 /* curry.png in Resources */ = {isa = PBXBuildFile; fileRef = 5BB289D11D500FF7009C6913 /* curry.png */; };
		5BB289DC1D500FF7009C6913 /* durant.png in Resources */ = {isa = PBXBuildFile; fileRef = 5BB289D21D500FF7009C6913 /* durant.png */; };
		5BB289DD1D500FF7009C6913 /* harden.png in Resources */ = {isa = PBXBuildFile; fileRef = 5BB289D31D500FF7009C6913 /* harden.png */; };
		5BB289DE1D500FF7009C6913 /* kawhi.png in Resources */ = {isa = PBXBuildFile; fileRef = 5BB289D41D500FF7009C6913 /* kawhi.png */; };
		5BB289DF1D500FF7009C6913 /* klay.png in Resources */ = {isa = PBXBuildFile; fileRef = 5BB289D51D500FF7009C6913 /* klay.png */; };
		5BB289E01D500FF7009C6913 /* Lebron.png in Resources */ = {isa = PBXBuildFile; fileRef = 5BB289D61D500FF7009C6913 /* Lebron.png */; };
		5BB289E11D500FF7009C6913 /* lillard.png in Resources */ = {isa = PBXBuildFile; fileRef = 5BB289D71D500FF7009C6913 /* lillard.png */; };
		5BB289E21D500FF7009C6913 /* westbrook.png in Resources */ = {isa = PBXBuildFile; fileRef = 5BB289D81D500FF7009C6913 /* westbrook.png */; };
		5BB28A0E1D502022009C6913 /* blazers.png in Resources */ = {isa = PBXBuildFile; fileRef = 5BB28A061D502022009C6913 /* blazers.png */; };
		5BB28A0F1D502022009C6913 /* cavaliers.gif in Resources */ = {isa = PBXBuildFile; fileRef = 5BB28A071D502022009C6913 /* cavaliers.gif */; };
		5BB28A101D502022009C6913 /* kings.gif in Resources */ = {isa = PBXBuildFile; fileRef = 5BB28A081D502022009C6913 /* kings.gif */; };
		5BB28A111D502022009C6913 /* pelicans.gif in Resources */ = {isa = PBXBuildFile; fileRef = 5BB28A091D502022009C6913 /* pelicans.gif */; };
		5BB28A121D502022009C6913 /* rockets.gif in Resources */ = {isa = PBXBuildFile; fileRef = 5BB28A0A1D502022009C6913 /* rockets.gif */; };
		5BB28A131D502022009C6913 /* spurs.gif in Resources */ = {isa = PBXBuildFile; fileRef = 5BB28A0B1D502022009C6913 /* spurs.gif */; };
		5BB28A141D502022009C6913 /* thunder.png in Resources */ = {isa = PBXBuildFile; fileRef = 5BB28A0C1D502022009C6913 /* thunder.png */; };
		5BB28A151D502022009C6913 /* warriors.gif in Resources */ = {isa = PBXBuildFile; fileRef = 5BB28A0D1D502022009C6913 /* warriors.gif */; };
		5BD739801D4FB6EB005696EC /* main.m in Sources */ = {isa = PBXBuildFile; fileRef = 5BD7397F1D4FB6EB005696EC /* main.m */; };
		5BD739831D4FB6EB005696EC /* AppDelegate.m in Sources */ = {isa = PBXBuildFile; fileRef = 5BD739821D4FB6EB005696EC /* AppDelegate.m */; };
		5BD739891D4FB6EB005696EC /* Main.storyboard in Resources */ = {isa = PBXBuildFile; fileRef = 5BD739871D4FB6EB005696EC /* Main.storyboard */; };
		5BD7398B1D4FB6EB005696EC /* Assets.xcassets in Resources */ = {isa = PBXBuildFile; fileRef = 5BD7398A1D4FB6EB005696EC /* Assets.xcassets */; };
		5BD7398E1D4FB6EB005696EC /* LaunchScreen.storyboard in Resources */ = {isa = PBXBuildFile; fileRef = 5BD7398C1D4FB6EB005696EC /* LaunchScreen.storyboard */; };
		5BD739971D4FB748005696EC /* MainTableViewController.m in Sources */ = {isa = PBXBuildFile; fileRef = 5BD739961D4FB748005696EC /* MainTableViewController.m */; };
		5BD7399A1D4FB9C5005696EC /* DetailViewController.m in Sources */ = {isa = PBXBuildFile; fileRef = 5BD739991D4FB9C5005696EC /* DetailViewController.m */; };
		5BD7399C1D4FC75F005696EC /* NBAPlayers.json in Resources */ = {isa = PBXBuildFile; fileRef = 5BD7399B1D4FC75F005696EC /* NBAPlayers.json */; };
		5BD7399F1D4FD2EC005696EC /* PlayerDetail.m in Sources */ = {isa = PBXBuildFile; fileRef = 5BD7399E1D4FD2EC005696EC /* PlayerDetail.m */; };
/* End PBXBuildFile section */

/* Begin PBXFileReference section */
		5BB289CF1D500FF7009C6913 /* anthonyDavis.png */ = {isa = PBXFileReference; lastKnownFileType = image.png; path = anthonyDavis.png; sourceTree = "<group>"; };
		5BB289D01D500FF7009C6913 /* cousins.png */ = {isa = PBXFileReference; lastKnownFileType = image.png; path = cousins.png; sourceTree = "<group>"; };
		5BB289D11D500FF7009C6913 /* curry.png */ = {isa = PBXFileReference; lastKnownFileType = image.png; path = curry.png; sourceTree = "<group>"; };
		5BB289D21D500FF7009C6913 /* durant.png */ = {isa = PBXFileReference; lastKnownFileType = image.png; path = durant.png; sourceTree = "<group>"; };
		5BB289D31D500FF7009C6913 /* harden.png */ = {isa = PBXFileReference; lastKnownFileType = image.png; path = harden.png; sourceTree = "<group>"; };
		5BB289D41D500FF7009C6913 /* kawhi.png */ = {isa = PBXFileReference; lastKnownFileType = image.png; path = kawhi.png; sourceTree = "<group>"; };
		5BB289D51D500FF7009C6913 /* klay.png */ = {isa = PBXFileReference; lastKnownFileType = image.png; path = klay.png; sourceTree = "<group>"; };
		5BB289D61D500FF7009C6913 /* Lebron.png */ = {isa = PBXFileReference; lastKnownFileType = image.png; path = Lebron.png; sourceTree = "<group>"; };
		5BB289D71D500FF7009C6913 /* lillard.png */ = {isa = PBXFileReference; lastKnownFileType = image.png; path = lillard.png; sourceTree = "<group>"; };
		5BB289D81D500FF7009C6913 /* westbrook.png */ = {isa = PBXFileReference; lastKnownFileType = image.png; path = westbrook.png; sourceTree = "<group>"; };
		5BB28A061D502022009C6913 /* blazers.png */ = {isa = PBXFileReference; lastKnownFileType = image.png; path = blazers.png; sourceTree = "<group>"; };
		5BB28A071D502022009C6913 /* cavaliers.gif */ = {isa = PBXFileReference; lastKnownFileType = image.gif; path = cavaliers.gif; sourceTree = "<group>"; };
		5BB28A081D502022009C6913 /* kings.gif */ = {isa = PBXFileReference; lastKnownFileType = image.gif; path = kings.gif; sourceTree = "<group>"; };
		5BB28A091D502022009C6913 /* pelicans.gif */ = {isa = PBXFileReference; lastKnownFileType = image.gif; path = pelicans.gif; sourceTree = "<group>"; };
		5BB28A0A1D502022009C6913 /* rockets.gif */ = {isa = PBXFileReference; lastKnownFileType = image.gif; path = rockets.gif; sourceTree = "<group>"; };
		5BB28A0B1D502022009C6913 /* spurs.gif */ = {isa = PBXFileReference; lastKnownFileType = image.gif; path = spurs.gif; sourceTree = "<group>"; };
		5BB28A0C1D502022009C6913 /* thunder.png */ = {isa = PBXFileReference; lastKnownFileType = image.png; path = thunder.png; sourceTree = "<group>"; };
		5BB28A0D1D502022009C6913 /* warriors.gif */ = {isa = PBXFileReference; lastKnownFileType = image.gif; path = warriors.gif; sourceTree = "<group>"; };
		5BD7397B1D4FB6EB005696EC /* GrailDiary.app */ = {isa = PBXFileReference; explicitFileType = wrapper.application; includeInIndex = 0; path = GrailDiary.app; sourceTree = BUILT_PRODUCTS_DIR; };
		5BD7397F1D4FB6EB005696EC /* main.m */ = {isa = PBXFileReference; lastKnownFileType = sourcecode.c.objc; path = main.m; sourceTree = "<group>"; };
		5BD739811D4FB6EB005696EC /* AppDelegate.h */ = {isa = PBXFileReference; lastKnownFileType = sourcecode.c.h; path = AppDelegate.h; sourceTree = "<group>"; };
		5BD739821D4FB6EB005696EC /* AppDelegate.m */ = {isa = PBXFileReference; lastKnownFileType = sourcecode.c.objc; path = AppDelegate.m; sourceTree = "<group>"; };
		5BD739881D4FB6EB005696EC /* Base */ = {isa = PBXFileReference; lastKnownFileType = file.storyboard; name = Base; path = Base.lproj/Main.storyboard; sourceTree = "<group>"; };
		5BD7398A1D4FB6EB005696EC /* Assets.xcassets */ = {isa = PBXFileReference; lastKnownFileType = folder.assetcatalog; path = Assets.xcassets; sourceTree = "<group>"; };
		5BD7398D1D4FB6EB005696EC /* Base */ = {isa = PBXFileReference; lastKnownFileType = file.storyboard; name = Base; path = Base.lproj/LaunchScreen.storyboard; sourceTree = "<group>"; };
		5BD7398F1D4FB6EB005696EC /* Info.plist */ = {isa = PBXFileReference; lastKnownFileType = text.plist.xml; path = Info.plist; sourceTree = "<group>"; };
		5BD739951D4FB748005696EC /* MainTableViewController.h */ = {isa = PBXFileReference; fileEncoding = 4; lastKnownFileType = sourcecode.c.h; path = MainTableViewController.h; sourceTree = "<group>"; };
		5BD739961D4FB748005696EC /* MainTableViewController.m */ = {isa = PBXFileReference; fileEncoding = 4; lastKnownFileType = sourcecode.c.objc; path = MainTableViewController.m; sourceTree = "<group>"; };
		5BD739981D4FB9C5005696EC /* DetailViewController.h */ = {isa = PBXFileReference; fileEncoding = 4; lastKnownFileType = sourcecode.c.h; path = DetailViewController.h; sourceTree = "<group>"; };
		5BD739991D4FB9C5005696EC /* DetailViewController.m */ = {isa = PBXFileReference; fileEncoding = 4; lastKnownFileType = sourcecode.c.objc; path = DetailViewController.m; sourceTree = "<group>"; };
		5BD7399B1D4FC75F005696EC /* NBAPlayers.json */ = {isa = PBXFileReference; fileEncoding = 4; lastKnownFileType = text.json; path = NBAPlayers.json; sourceTree = "<group>"; };
		5BD7399D1D4FD2EC005696EC /* PlayerDetail.h */ = {isa = PBXFileReference; fileEncoding = 4; lastKnownFileType = sourcecode.c.h; path = PlayerDetail.h; sourceTree = "<group>"; };
		5BD7399E1D4FD2EC005696EC /* PlayerDetail.m */ = {isa = PBXFileReference; fileEncoding = 4; lastKnownFileType = sourcecode.c.objc; path = PlayerDetail.m; sourceTree = "<group>"; };
/* End PBXFileReference section */

/* Begin PBXFrameworksBuildPhase section */
		5BD739781D4FB6EB005696EC /* Frameworks */ = {
			isa = PBXFrameworksBuildPhase;
			buildActionMask = 2147483647;
			files = (
			);
			runOnlyForDeploymentPostprocessing = 0;
		};
/* End PBXFrameworksBuildPhase section */

/* Begin PBXGroup section */
		5BB289CE1D500FF7009C6913 /* NBA headshots */ = {
			isa = PBXGroup;
			children = (
				5BB289CF1D500FF7009C6913 /* anthonyDavis.png */,
				5BB289D01D500FF7009C6913 /* cousins.png */,
				5BB289D11D500FF7009C6913 /* curry.png */,
				5BB289D21D500FF7009C6913 /* durant.png */,
				5BB289D31D500FF7009C6913 /* harden.png */,
				5BB289D41D500FF7009C6913 /* kawhi.png */,
				5BB289D51D500FF7009C6913 /* klay.png */,
				5BB289D61D500FF7009C6913 /* Lebron.png */,
				5BB289D71D500FF7009C6913 /* lillard.png */,
				5BB289D81D500FF7009C6913 /* westbrook.png */,
			);
			path = "NBA headshots";
			sourceTree = "<group>";
		};
		5BB28A051D502022009C6913 /* NBA-logos */ = {
			isa = PBXGroup;
			children = (
				5BB28A061D502022009C6913 /* blazers.png */,
				5BB28A071D502022009C6913 /* cavaliers.gif */,
				5BB28A081D502022009C6913 /* kings.gif */,
				5BB28A091D502022009C6913 /* pelicans.gif */,
				5BB28A0A1D502022009C6913 /* rockets.gif */,
				5BB28A0B1D502022009C6913 /* spurs.gif */,
				5BB28A0C1D502022009C6913 /* thunder.png */,
				5BB28A0D1D502022009C6913 /* warriors.gif */,
			);
			path = "NBA-logos";
			sourceTree = "<group>";
		};
		5BD739721D4FB6EB005696EC = {
			isa = PBXGroup;
			children = (
				5BD7397D1D4FB6EB005696EC /* GrailDiary */,
				5BD7397C1D4FB6EB005696EC /* Products */,
			);
			sourceTree = "<group>";
		};
		5BD7397C1D4FB6EB005696EC /* Products */ = {
			isa = PBXGroup;
			children = (
				5BD7397B1D4FB6EB005696EC /* GrailDiary.app */,
			);
			name = Products;
			sourceTree = "<group>";
		};
		5BD7397D1D4FB6EB005696EC /* GrailDiary */ = {
			isa = PBXGroup;
			children = (
				5BD739811D4FB6EB005696EC /* AppDelegate.h */,
				5BD739821D4FB6EB005696EC /* AppDelegate.m */,
				5BB28A051D502022009C6913 /* NBA-logos */,
				5BB289CE1D500FF7009C6913 /* NBA headshots */,
				5BD739951D4FB748005696EC /* MainTableViewController.h */,
				5BD739961D4FB748005696EC /* MainTableViewController.m */,
				5BD739981D4FB9C5005696EC /* DetailViewController.h */,
				5BD739991D4FB9C5005696EC /* DetailViewController.m */,
				5BD7399B1D4FC75F005696EC /* NBAPlayers.json */,
				5BD7399D1D4FD2EC005696EC /* PlayerDetail.h */,
				5BD7399E1D4FD2EC005696EC /* PlayerDetail.m */,
				5BD739871D4FB6EB005696EC /* Main.storyboard */,
				5BD7398A1D4FB6EB005696EC /* Assets.xcassets */,
				5BD7398C1D4FB6EB005696EC /* LaunchScreen.storyboard */,
				5BD7398F1D4FB6EB005696EC /* Info.plist */,
				5BD7397E1D4FB6EB005696EC /* Supporting Files */,
			);
			path = GrailDiary;
			sourceTree = "<group>";
		};
		5BD7397E1D4FB6EB005696EC /* Supporting Files */ = {
			isa = PBXGroup;
			children = (
				5BD7397F1D4FB6EB005696EC /* main.m */,
			);
			name = "Supporting Files";
			sourceTree = "<group>";
		};
/* End PBXGroup section */

/* Begin PBXNativeTarget section */
		5BD7397A1D4FB6EB005696EC /* GrailDiary */ = {
			isa = PBXNativeTarget;
			buildConfigurationList = 5BD739921D4FB6EB005696EC /* Build configuration list for PBXNativeTarget "GrailDiary" */;
			buildPhases = (
				5BD739771D4FB6EB005696EC /* Sources */,
				5BD739781D4FB6EB005696EC /* Frameworks */,
				5BD739791D4FB6EB005696EC /* Resources */,
			);
			buildRules = (
			);
			dependencies = (
			);
			name = GrailDiary;
			productName = GrailDiary;
			productReference = 5BD7397B1D4FB6EB005696EC /* GrailDiary.app */;
			productType = "com.apple.product-type.application";
		};
/* End PBXNativeTarget section */

/* Begin PBXProject section */
		5BD739731D4FB6EB005696EC /* Project object */ = {
			isa = PBXProject;
			attributes = {
				LastUpgradeCheck = 0730;
				ORGANIZATIONNAME = "The Iron Yard";
				TargetAttributes = {
					5BD7397A1D4FB6EB005696EC = {
						CreatedOnToolsVersion = 7.3.1;
					};
				};
			};
			buildConfigurationList = 5BD739761D4FB6EB005696EC /* Build configuration list for PBXProject "GrailDiary" */;
			compatibilityVersion = "Xcode 3.2";
			developmentRegion = English;
			hasScannedForEncodings = 0;
			knownRegions = (
				en,
				Base,
			);
			mainGroup = 5BD739721D4FB6EB005696EC;
			productRefGroup = 5BD7397C1D4FB6EB005696EC /* Products */;
			projectDirPath = "";
			projectRoot = "";
			targets = (
				5BD7397A1D4FB6EB005696EC /* GrailDiary */,
			);
		};
/* End PBXProject section */

/* Begin PBXResourcesBuildPhase section */
		5BD739791D4FB6EB005696EC /* Resources */ = {
			isa = PBXResourcesBuildPhase;
			buildActionMask = 2147483647;
			files = (
				5BB289DF1D500FF7009C6913 /* klay.png in Resources */,
				5BB289E11D500FF7009C6913 /* lillard.png in Resources */,
				5BB28A0E1D502022009C6913 /* blazers.png in Resources */,
				5BB289E21D500FF7009C6913 /* westbrook.png in Resources */,
				5BB289DE1D500FF7009C6913 /* kawhi.png in Resources */,
				5BB28A141D502022009C6913 /* thunder.png in Resources */,
				5BD7399C1D4FC75F005696EC /* NBAPlayers.json in Resources */,
				5BB289DB1D500FF7009C6913 /* curry.png in Resources */,
				5BB289DD1D500FF7009C6913 /* harden.png in Resources */,
				5BB28A101D502022009C6913 /* kings.gif in Resources */,
				5BD7398E1D4FB6EB005696EC /* LaunchScreen.storyboard in Resources */,
				5BB289DC1D500FF7009C6913 /* durant.png in Resources */,
				5BB289DA1D500FF7009C6913 /* cousins.png in Resources */,
				5BB28A0F1D502022009C6913 /* cavaliers.gif in Resources */,
				5BB289D91D500FF7009C6913 /* anthonyDavis.png in Resources */,
				5BB28A151D502022009C6913 /* warriors.gif in Resources */,
				5BD7398B1D4FB6EB005696EC /* Assets.xcassets in Resources */,
				5BB28A111D502022009C6913 /* pelicans.gif in Resources */,
				5BB28A121D502022009C6913 /* rockets.gif in Resources */,
				5BD739891D4FB6EB005696EC /* Main.storyboard in Resources */,
				5BB28A131D502022009C6913 /* spurs.gif in Resources */,
				5BB289E01D500FF7009C6913 /* Lebron.png in Resources */,
			);
			runOnlyForDeploymentPostprocessing = 0;
		};
/* End PBXResourcesBuildPhase section */

/* Begin PBXSourcesBuildPhase section */
		5BD739771D4FB6EB005696EC /* Sources */ = {
			isa = PBXSourcesBuildPhase;
			buildActionMask = 2147483647;
			files = (
				5BD739971D4FB748005696EC /* MainTableViewController.m in Sources */,
				5BD739831D4FB6EB005696EC /* AppDelegate.m in Sources */,
				5BD7399F1D4FD2EC005696EC /* PlayerDetail.m in Sources */,
				5BD739801D4FB6EB005696EC /* main.m in Sources */,
				5BD7399A1D4FB9C5005696EC /* DetailViewController.m in Sources */,
			);
			runOnlyForDeploymentPostprocessing = 0;
		};
/* End PBXSourcesBuildPhase section */

/* Begin PBXVariantGroup section */
		5BD739871D4FB6EB005696EC /* Main.storyboard */ = {
			isa = PBXVariantGroup;
			children = (
				5BD739881D4FB6EB005696EC /* Base */,
			);
			name = Main.storyboard;
			sourceTree = "<group>";
		};
		5BD7398C1D4FB6EB005696EC /* LaunchScreen.storyboard */ = {
			isa = PBXVariantGroup;
			children = (
				5BD7398D1D4FB6EB005696EC /* Base */,
			);
			name = LaunchScreen.storyboard;
			sourceTree = "<group>";
		};
/* End PBXVariantGroup section */

/* Begin XCBuildConfiguration section */
		5BD739901D4FB6EB005696EC /* Debug */ = {
			isa = XCBuildConfiguration;
			buildSettings = {
				ALWAYS_SEARCH_USER_PATHS = NO;
				CLANG_ANALYZER_NONNULL = YES;
				CLANG_CXX_LANGUAGE_STANDARD = "gnu++0x";
				CLANG_CXX_LIBRARY = "libc++";
				CLANG_ENABLE_MODULES = YES;
				CLANG_ENABLE_OBJC_ARC = YES;
				CLANG_WARN_BOOL_CONVERSION = YES;
				CLANG_WARN_CONSTANT_CONVERSION = YES;
				CLANG_WARN_DIRECT_OBJC_ISA_USAGE = YES_ERROR;
				CLANG_WARN_EMPTY_BODY = YES;
				CLANG_WARN_ENUM_CONVERSION = YES;
				CLANG_WARN_INT_CONVERSION = YES;
				CLANG_WARN_OBJC_ROOT_CLASS = YES_ERROR;
				CLANG_WARN_UNREACHABLE_CODE = YES;
				CLANG_WARN__DUPLICATE_METHOD_MATCH = YES;
				"CODE_SIGN_IDENTITY[sdk=iphoneos*]" = "iPhone Developer";
				COPY_PHASE_STRIP = NO;
				DEBUG_INFORMATION_FORMAT = dwarf;
				ENABLE_STRICT_OBJC_MSGSEND = YES;
				ENABLE_TESTABILITY = YES;
				GCC_C_LANGUAGE_STANDARD = gnu99;
				GCC_DYNAMIC_NO_PIC = NO;
				GCC_NO_COMMON_BLOCKS = YES;
				GCC_OPTIMIZATION_LEVEL = 0;
				GCC_PREPROCESSOR_DEFINITIONS = (
					"DEBUG=1",
					"$(inherited)",
				);
				GCC_WARN_64_TO_32_BIT_CONVERSION = YES;
				GCC_WARN_ABOUT_RETURN_TYPE = YES_ERROR;
				GCC_WARN_UNDECLARED_SELECTOR = YES;
				GCC_WARN_UNINITIALIZED_AUTOS = YES_AGGRESSIVE;
				GCC_WARN_UNUSED_FUNCTION = YES;
				GCC_WARN_UNUSED_VARIABLE = YES;
				IPHONEOS_DEPLOYMENT_TARGET = 9.3;
				MTL_ENABLE_DEBUG_INFO = YES;
				ONLY_ACTIVE_ARCH = YES;
				SDKROOT = iphoneos;
			};
			name = Debug;
		};
		5BD739911D4FB6EB005696EC /* Release */ = {
			isa = XCBuildConfiguration;
			buildSettings = {
				ALWAYS_SEARCH_USER_PATHS = NO;
				CLANG_ANALYZER_NONNULL = YES;
				CLANG_CXX_LANGUAGE_STANDARD = "gnu++0x";
				CLANG_CXX_LIBRARY = "libc++";
				CLANG_ENABLE_MODULES = YES;
				CLANG_ENABLE_OBJC_ARC = YES;
				CLANG_WARN_BOOL_CONVERSION = YES;
				CLANG_WARN_CONSTANT_CONVERSION = YES;
				CLANG_WARN_DIRECT_OBJC_ISA_USAGE = YES_ERROR;
				CLANG_WARN_EMPTY_BODY = YES;
				CLANG_WARN_ENUM_CONVERSION = YES;
				CLANG_WARN_INT_CONVERSION = YES;
				CLANG_WARN_OBJC_ROOT_CLASS = YES_ERROR;
				CLANG_WARN_UNREACHABLE_CODE = YES;
				CLANG_WARN__DUPLICATE_METHOD_MATCH = YES;
				"CODE_SIGN_IDENTITY[sdk=iphoneos*]" = "iPhone Developer";
				COPY_PHASE_STRIP = NO;
				DEBUG_INFORMATION_FORMAT = "dwarf-with-dsym";
				ENABLE_NS_ASSERTIONS = NO;
				ENABLE_STRICT_OBJC_MSGSEND = YES;
				GCC_C_LANGUAGE_STANDARD = gnu99;
				GCC_NO_COMMON_BLOCKS = YES;
				GCC_WARN_64_TO_32_BIT_CONVERSION = YES;
				GCC_WARN_ABOUT_RETURN_TYPE = YES_ERROR;
				GCC_WARN_UNDECLARED_SELECTOR = YES;
				GCC_WARN_UNINITIALIZED_AUTOS = YES_AGGRESSIVE;
				GCC_WARN_UNUSED_FUNCTION = YES;
				GCC_WARN_UNUSED_VARIABLE = YES;
				IPHONEOS_DEPLOYMENT_TARGET = 9.3;
				MTL_ENABLE_DEBUG_INFO = NO;
				SDKROOT = iphoneos;
				VALIDATE_PRODUCT = YES;
			};
			name = Release;
		};
		5BD739931D4FB6EB005696EC /* Debug */ = {
			isa = XCBuildConfiguration;
			buildSettings = {
				ASSETCATALOG_COMPILER_APPICON_NAME = AppIcon;
				INFOPLIST_FILE = GrailDiary/Info.plist;
				LD_RUNPATH_SEARCH_PATHS = "$(inherited) @executable_path/Frameworks";
				PRODUCT_BUNDLE_IDENTIFIER = com.tiy.GrailDiary;
				PRODUCT_NAME = "$(TARGET_NAME)";
			};
			name = Debug;
		};
		5BD739941D4FB6EB005696EC /* Release */ = {
			isa = XCBuildConfiguration;
			buildSettings = {
				ASSETCATALOG_COMPILER_APPICON_NAME = AppIcon;
				INFOPLIST_FILE = GrailDiary/Info.plist;
				LD_RUNPATH_SEARCH_PATHS = "$(inherited) @executable_path/Frameworks";
				PRODUCT_BUNDLE_IDENTIFIER = com.tiy.GrailDiary;
				PRODUCT_NAME = "$(TARGET_NAME)";
			};
			name = Release;
		};
/* End XCBuildConfiguration section */

/* Begin XCConfigurationList section */
		5BD739761D4FB6EB005696EC /* Build configuration list for PBXProject "GrailDiary" */ = {
			isa = XCConfigurationList;
			buildConfigurations = (
				5BD739901D4FB6EB005696EC /* Debug */,
				5BD739911D4FB6EB005696EC /* Release */,
			);
			defaultConfigurationIsVisible = 0;
			defaultConfigurationName = Release;
		};
		5BD739921D4FB6EB005696EC /* Build configuration list for PBXNativeTarget "GrailDiary" */ = {
			isa = XCConfigurationList;
			buildConfigurations = (
				5BD739931D4FB6EB005696EC /* Debug */,
				5BD739941D4FB6EB005696EC /* Release */,
			);
			defaultConfigurationIsVisible = 0;
			defaultConfigurationName = Release;
		};
/* End XCConfigurationList section */
	};
	rootObject = 5BD739731D4FB6EB005696EC /* Project object */;
}
